// !$*UTF8*$!
{
	archiveVersion = 1;
	classes = {
	};
	objectVersion = 46;
	objects = {

/* Begin PBXBuildFile section */
		75A287711EA60D9A009C9E31 /* AppDelegate.swift in Sources */ = {isa = PBXBuildFile; fileRef = 75A287621EA60D9A009C9E31 /* AppDelegate.swift */; };
		75A287721EA60D9A009C9E31 /* Assets.xcassets in Resources */ = {isa = PBXBuildFile; fileRef = 75A287631EA60D9A009C9E31 /* Assets.xcassets */; };
		75A287731EA60D9A009C9E31 /* LaunchScreen.storyboard in Resources */ = {isa = PBXBuildFile; fileRef = 75A287641EA60D9A009C9E31 /* LaunchScreen.storyboard */; };
		75A287741EA60D9A009C9E31 /* Main.storyboard in Resources */ = {isa = PBXBuildFile; fileRef = 75A287661EA60D9A009C9E31 /* Main.storyboard */; };
		75A287751EA60D9A009C9E31 /* finder@3x.png in Resources */ = {isa = PBXBuildFile; fileRef = 75A287681EA60D9A009C9E31 /* finder@3x.png */; };
		75A287761EA60D9A009C9E31 /* Info.plist in Resources */ = {isa = PBXBuildFile; fileRef = 75A287691EA60D9A009C9E31 /* Info.plist */; };
		75A287771EA60D9A009C9E31 /* logo@2x.png in Resources */ = {isa = PBXBuildFile; fileRef = 75A2876A1EA60D9A009C9E31 /* logo@2x.png */; };
		75A287781EA60D9A009C9E31 /* RulerCalculator.swift in Sources */ = {isa = PBXBuildFile; fileRef = 75A2876B1EA60D9A009C9E31 /* RulerCalculator.swift */; };
		75A287791EA60D9A009C9E31 /* RulerView.swift in Sources */ = {isa = PBXBuildFile; fileRef = 75A2876C1EA60D9A009C9E31 /* RulerView.swift */; };
		75A2877A1EA60D9A009C9E31 /* snow.jpg in Resources */ = {isa = PBXBuildFile; fileRef = 75A2876D1EA60D9A009C9E31 /* snow.jpg */; };
		75A2877B1EA60D9A009C9E31 /* SXCoreView.swift in Sources */ = {isa = PBXBuildFile; fileRef = 75A2876E1EA60D9A009C9E31 /* SXCoreView.swift */; };
		75A2877C1EA60D9A009C9E31 /* timg-2.jpeg in Resources */ = {isa = PBXBuildFile; fileRef = 75A2876F1EA60D9A009C9E31 /* timg-2.jpeg */; };
		75A2877D1EA60D9A009C9E31 /* ViewController.swift in Sources */ = {isa = PBXBuildFile; fileRef = 75A287701EA60D9A009C9E31 /* ViewController.swift */; };
/* End PBXBuildFile section */

/* Begin PBXFileReference section */
		7565BCC51E72A4FA00133733 /* RulerViewSwift.app */ = {isa = PBXFileReference; explicitFileType = wrapper.application; includeInIndex = 0; path = RulerViewSwift.app; sourceTree = BUILT_PRODUCTS_DIR; };
		75A287621EA60D9A009C9E31 /* AppDelegate.swift */ = {isa = PBXFileReference; fileEncoding = 4; lastKnownFileType = sourcecode.swift; path = AppDelegate.swift; sourceTree = "<group>"; };
		75A287631EA60D9A009C9E31 /* Assets.xcassets */ = {isa = PBXFileReference; lastKnownFileType = folder.assetcatalog; path = Assets.xcassets; sourceTree = "<group>"; };
		75A287651EA60D9A009C9E31 /* Base */ = {isa = PBXFileReference; lastKnownFileType = file.storyboard; name = Base; path = Base.lproj/LaunchScreen.storyboard; sourceTree = "<group>"; };
		75A287671EA60D9A009C9E31 /* Base */ = {isa = PBXFileReference; lastKnownFileType = file.storyboard; name = Base; path = Base.lproj/Main.storyboard; sourceTree = "<group>"; };
		75A287681EA60D9A009C9E31 /* finder@3x.png */ = {isa = PBXFileReference; lastKnownFileType = image.png; path = "finder@3x.png"; sourceTree = "<group>"; };
		75A287691EA60D9A009C9E31 /* Info.plist */ = {isa = PBXFileReference; fileEncoding = 4; lastKnownFileType = text.plist.xml; path = Info.plist; sourceTree = "<group>"; };
		75A2876A1EA60D9A009C9E31 /* logo@2x.png */ = {isa = PBXFileReference; lastKnownFileType = image.png; path = "logo@2x.png"; sourceTree = "<group>"; };
		75A2876B1EA60D9A009C9E31 /* RulerCalculator.swift */ = {isa = PBXFileReference; fileEncoding = 4; lastKnownFileType = sourcecode.swift; path = RulerCalculator.swift; sourceTree = "<group>"; };
		75A2876C1EA60D9A009C9E31 /* RulerView.swift */ = {isa = PBXFileReference; fileEncoding = 4; lastKnownFileType = sourcecode.swift; path = RulerView.swift; sourceTree = "<group>"; };
		75A2876D1EA60D9A009C9E31 /* snow.jpg */ = {isa = PBXFileReference; lastKnownFileType = image.jpeg; path = snow.jpg; sourceTree = "<group>"; };
		75A2876E1EA60D9A009C9E31 /* SXCoreView.swift */ = {isa = PBXFileReference; fileEncoding = 4; lastKnownFileType = sourcecode.swift; path = SXCoreView.swift; sourceTree = "<group>"; };
		75A2876F1EA60D9A009C9E31 /* timg-2.jpeg */ = {isa = PBXFileReference; lastKnownFileType = image.jpeg; path = "timg-2.jpeg"; sourceTree = "<group>"; };
		75A287701EA60D9A009C9E31 /* ViewController.swift */ = {isa = PBXFileReference; fileEncoding = 4; lastKnownFileType = sourcecode.swift; path = ViewController.swift; sourceTree = "<group>"; };
/* End PBXFileReference section */

/* Begin PBXFrameworksBuildPhase section */
		7565BCC21E72A4FA00133733 /* Frameworks */ = {
			isa = PBXFrameworksBuildPhase;
			buildActionMask = 2147483647;
			files = (
			);
			runOnlyForDeploymentPostprocessing = 0;
		};
/* End PBXFrameworksBuildPhase section */

/* Begin PBXGroup section */
		7565BCBC1E72A4FA00133733 = {
			isa = PBXGroup;
			children = (
				75A287611EA60D9A009C9E31 /* RulerViewSwift */,
				7565BCC61E72A4FA00133733 /* Products */,
			);
			sourceTree = "<group>";
		};
		7565BCC61E72A4FA00133733 /* Products */ = {
			isa = PBXGroup;
			children = (
				7565BCC51E72A4FA00133733 /* RulerViewSwift.app */,
			);
			name = Products;
			sourceTree = "<group>";
		};
		75A287611EA60D9A009C9E31 /* RulerViewSwift */ = {
			isa = PBXGroup;
			children = (
				75A287621EA60D9A009C9E31 /* AppDelegate.swift */,
				75A287631EA60D9A009C9E31 /* Assets.xcassets */,
				75A287641EA60D9A009C9E31 /* LaunchScreen.storyboard */,
				75A287661EA60D9A009C9E31 /* Main.storyboard */,
				75A287681EA60D9A009C9E31 /* finder@3x.png */,
				75A287691EA60D9A009C9E31 /* Info.plist */,
				75A2876A1EA60D9A009C9E31 /* logo@2x.png */,
				75A2876B1EA60D9A009C9E31 /* RulerCalculator.swift */,
				75A2876C1EA60D9A009C9E31 /* RulerView.swift */,
				75A2876D1EA60D9A009C9E31 /* snow.jpg */,
				75A2876E1EA60D9A009C9E31 /* SXCoreView.swift */,
				75A2876F1EA60D9A009C9E31 /* timg-2.jpeg */,
				75A287701EA60D9A009C9E31 /* ViewController.swift */,
			);
			path = RulerViewSwift;
			sourceTree = "<group>";
		};
/* End PBXGroup section */

/* Begin PBXNativeTarget section */
		7565BCC41E72A4FA00133733 /* RulerViewSwift */ = {
			isa = PBXNativeTarget;
			buildConfigurationList = 7565BCD71E72A4FA00133733 /* Build configuration list for PBXNativeTarget "RulerViewSwift" */;
			buildPhases = (
				7565BCC11E72A4FA00133733 /* Sources */,
				7565BCC21E72A4FA00133733 /* Frameworks */,
				7565BCC31E72A4FA00133733 /* Resources */,
			);
			buildRules = (
			);
			dependencies = (
			);
			name = RulerViewSwift;
			productName = CoreGraphicsDemo;
			productReference = 7565BCC51E72A4FA00133733 /* RulerViewSwift.app */;
			productType = "com.apple.product-type.application";
		};
/* End PBXNativeTarget section */

/* Begin PBXProject section */
		7565BCBD1E72A4FA00133733 /* Project object */ = {
			isa = PBXProject;
			attributes = {
				LastSwiftUpdateCheck = 0820;
				LastUpgradeCheck = 0820;
				ORGANIZATIONNAME = Story5;
				TargetAttributes = {
					7565BCC41E72A4FA00133733 = {
						CreatedOnToolsVersion = 8.2.1;
						DevelopmentTeam = SHCZNHJ2VF;
						ProvisioningStyle = Automatic;
					};
				};
			};
			buildConfigurationList = 7565BCC01E72A4FA00133733 /* Build configuration list for PBXProject "RulerViewSwift" */;
			compatibilityVersion = "Xcode 3.2";
			developmentRegion = English;
			hasScannedForEncodings = 0;
			knownRegions = (
				en,
				Base,
			);
			mainGroup = 7565BCBC1E72A4FA00133733;
			productRefGroup = 7565BCC61E72A4FA00133733 /* Products */;
			projectDirPath = "";
			projectRoot = "";
			targets = (
				7565BCC41E72A4FA00133733 /* RulerViewSwift */,
			);
		};
/* End PBXProject section */

/* Begin PBXResourcesBuildPhase section */
		7565BCC31E72A4FA00133733 /* Resources */ = {
			isa = PBXResourcesBuildPhase;
			buildActionMask = 2147483647;
			files = (
				75A287741EA60D9A009C9E31 /* Main.storyboard in Resources */,
				75A287771EA60D9A009C9E31 /* logo@2x.png in Resources */,
				75A287721EA60D9A009C9E31 /* Assets.xcassets in Resources */,
				75A287731EA60D9A009C9E31 /* LaunchScreen.storyboard in Resources */,
				75A287761EA60D9A009C9E31 /* Info.plist in Resources */,
				75A2877A1EA60D9A009C9E31 /* snow.jpg in Resources */,
				75A287751EA60D9A009C9E31 /* finder@3x.png in Resources */,
				75A2877C1EA60D9A009C9E31 /* timg-2.jpeg in Resources */,
			);
			runOnlyForDeploymentPostprocessing = 0;
		};
/* End PBXResourcesBuildPhase section */

/* Begin PBXSourcesBuildPhase section */
		7565BCC11E72A4FA00133733 /* Sources */ = {
			isa = PBXSourcesBuildPhase;
			buildActionMask = 2147483647;
			files = (
				75A2877D1EA60D9A009C9E31 /* ViewController.swift in Sources */,
				75A287781EA60D9A009C9E31 /* RulerCalculator.swift in Sources */,
				75A287791EA60D9A009C9E31 /* RulerView.swift in Sources */,
				75A2877B1EA60D9A009C9E31 /* SXCoreView.swift in Sources */,
				75A287711EA60D9A009C9E31 /* AppDelegate.swift in Sources */,
			);
			runOnlyForDeploymentPostprocessing = 0;
		};
/* End PBXSourcesBuildPhase section */

/* Begin PBXVariantGroup section */
		75A287641EA60D9A009C9E31 /* LaunchScreen.storyboard */ = {
			isa = PBXVariantGroup;
			children = (
				75A287651EA60D9A009C9E31 /* Base */,
			);
			name = LaunchScreen.storyboard;
			sourceTree = "<group>";
		};
		75A287661EA60D9A009C9E31 /* Main.storyboard */ = {
			isa = PBXVariantGroup;
			children = (
				75A287671EA60D9A009C9E31 /* Base */,
			);
			name = Main.storyboard;
			sourceTree = "<group>";
		};
/* End PBXVariantGroup section */

/* Begin XCBuildConfiguration section */
		7565BCD51E72A4FA00133733 /* Debug */ = {
			isa = XCBuildConfiguration;
			buildSettings = {
				ALWAYS_SEARCH_USER_PATHS = NO;
				CLANG_ANALYZER_NONNULL = YES;
				CLANG_CXX_LANGUAGE_STANDARD = "gnu++0x";
				CLANG_CXX_LIBRARY = "libc++";
				CLANG_ENABLE_MODULES = YES;
				CLANG_ENABLE_OBJC_ARC = YES;
				CLANG_WARN_BOOL_CONVERSION = YES;
				CLANG_WARN_CONSTANT_CONVERSION = YES;
				CLANG_WARN_DIRECT_OBJC_ISA_USAGE = YES_ERROR;
				CLANG_WARN_DOCUMENTATION_COMMENTS = YES;
				CLANG_WARN_EMPTY_BODY = YES;
				CLANG_WARN_ENUM_CONVERSION = YES;
				CLANG_WARN_INFINITE_RECURSION = YES;
				CLANG_WARN_INT_CONVERSION = YES;
				CLANG_WARN_OBJC_ROOT_CLASS = YES_ERROR;
				CLANG_WARN_SUSPICIOUS_MOVE = YES;
				CLANG_WARN_UNREACHABLE_CODE = YES;
				CLANG_WARN__DUPLICATE_METHOD_MATCH = YES;
				"CODE_SIGN_IDENTITY[sdk=iphoneos*]" = "iPhone Developer";
				COPY_PHASE_STRIP = NO;
				DEBUG_INFORMATION_FORMAT = dwarf;
				ENABLE_STRICT_OBJC_MSGSEND = YES;
				ENABLE_TESTABILITY = YES;
				GCC_C_LANGUAGE_STANDARD = gnu99;
				GCC_DYNAMIC_NO_PIC = NO;
				GCC_NO_COMMON_BLOCKS = YES;
				GCC_OPTIMIZATION_LEVEL = 0;
				GCC_PREPROCESSOR_DEFINITIONS = (
					"DEBUG=1",
					"$(inherited)",
				);
				GCC_WARN_64_TO_32_BIT_CONVERSION = YES;
				GCC_WARN_ABOUT_RETURN_TYPE = YES_ERROR;
				GCC_WARN_UNDECLARED_SELECTOR = YES;
				GCC_WARN_UNINITIALIZED_AUTOS = YES_AGGRESSIVE;
				GCC_WARN_UNUSED_FUNCTION = YES;
				GCC_WARN_UNUSED_VARIABLE = YES;
				IPHONEOS_DEPLOYMENT_TARGET = 10.2;
				MTL_ENABLE_DEBUG_INFO = YES;
				ONLY_ACTIVE_ARCH = YES;
				SDKROOT = iphoneos;
				SWIFT_ACTIVE_COMPILATION_CONDITIONS = DEBUG;
				SWIFT_OPTIMIZATION_LEVEL = "-Onone";
			};
			name = Debug;
		};
		7565BCD61E72A4FA00133733 /* Release */ = {
			isa = XCBuildConfiguration;
			buildSettings = {
				ALWAYS_SEARCH_USER_PATHS = NO;
				CLANG_ANALYZER_NONNULL = YES;
				CLANG_CXX_LANGUAGE_STANDARD = "gnu++0x";
				CLANG_CXX_LIBRARY = "libc++";
				CLANG_ENABLE_MODULES = YES;
				CLANG_ENABLE_OBJC_ARC = YES;
				CLANG_WARN_BOOL_CONVERSION = YES;
				CLANG_WARN_CONSTANT_CONVERSION = YES;
				CLANG_WARN_DIRECT_OBJC_ISA_USAGE = YES_ERROR;
				CLANG_WARN_DOCUMENTATION_COMMENTS = YES;
				CLANG_WARN_EMPTY_BODY = YES;
				CLANG_WARN_ENUM_CONVERSION = YES;
				CLANG_WARN_INFINITE_RECURSION = YES;
				CLANG_WARN_INT_CONVERSION = YES;
				CLANG_WARN_OBJC_ROOT_CLASS = YES_ERROR;
				CLANG_WARN_SUSPICIOUS_MOVE = YES;
				CLANG_WARN_UNREACHABLE_CODE = YES;
				CLANG_WARN__DUPLICATE_METHOD_MATCH = YES;
				"CODE_SIGN_IDENTITY[sdk=iphoneos*]" = "iPhone Developer";
				COPY_PHASE_STRIP = NO;
				DEBUG_INFORMATION_FORMAT = "dwarf-with-dsym";
				ENABLE_NS_ASSERTIONS = NO;
				ENABLE_STRICT_OBJC_MSGSEND = YES;
				GCC_C_LANGUAGE_STANDARD = gnu99;
				GCC_NO_COMMON_BLOCKS = YES;
				GCC_WARN_64_TO_32_BIT_CONVERSION = YES;
				GCC_WARN_ABOUT_RETURN_TYPE = YES_ERROR;
				GCC_WARN_UNDECLARED_SELECTOR = YES;
				GCC_WARN_UNINITIALIZED_AUTOS = YES_AGGRESSIVE;
				GCC_WARN_UNUSED_FUNCTION = YES;
				GCC_WARN_UNUSED_VARIABLE = YES;
				IPHONEOS_DEPLOYMENT_TARGET = 10.2;
				MTL_ENABLE_DEBUG_INFO = NO;
				SDKROOT = iphoneos;
				SWIFT_OPTIMIZATION_LEVEL = "-Owholemodule";
				VALIDATE_PRODUCT = YES;
			};
			name = Release;
		};
		7565BCD81E72A4FA00133733 /* Debug */ = {
			isa = XCBuildConfiguration;
			buildSettings = {
				ASSETCATALOG_COMPILER_APPICON_NAME = AppIcon;
				DEVELOPMENT_TEAM = SHCZNHJ2VF;
				INFOPLIST_FILE = "$(SRCROOT)/RulerViewSwift/Info.plist";
				LD_RUNPATH_SEARCH_PATHS = "$(inherited) @executable_path/Frameworks";
				PRODUCT_BUNDLE_IDENTIFIER = com.Story5.CoreGraphicsDemo;
				PRODUCT_NAME = "$(TARGET_NAME)";
				SWIFT_VERSION = 3.0;
			};
			name = Debug;
		};
		7565BCD91E72A4FA00133733 /* Release */ = {
			isa = XCBuildConfiguration;
			buildSettings = {
				ASSETCATALOG_COMPILER_APPICON_NAME = AppIcon;
				DEVELOPMENT_TEAM = SHCZNHJ2VF;
				INFOPLIST_FILE = "$(SRCROOT)/RulerViewSwift/Info.plist";
				LD_RUNPATH_SEARCH_PATHS = "$(inherited) @executable_path/Frameworks";
				PRODUCT_BUNDLE_IDENTIFIER = com.Story5.CoreGraphicsDemo;
				PRODUCT_NAME = "$(TARGET_NAME)";
				SWIFT_VERSION = 3.0;
			};
			name = Release;
		};
/* End XCBuildConfiguration section */

/* Begin XCConfigurationList section */
		7565BCC01E72A4FA00133733 /* Build configuration list for PBXProject "RulerViewSwift" */ = {
			isa = XCConfigurationList;
			buildConfigurations = (
				7565BCD51E72A4FA00133733 /* Debug */,
				7565BCD61E72A4FA00133733 /* Release */,
			);
			defaultConfigurationIsVisible = 0;
			defaultConfigurationName = Release;
		};
		7565BCD71E72A4FA00133733 /* Build configuration list for PBXNativeTarget "RulerViewSwift" */ = {
			isa = XCConfigurationList;
			buildConfigurations = (
				7565BCD81E72A4FA00133733 /* Debug */,
				7565BCD91E72A4FA00133733 /* Release */,
			);
			defaultConfigurationIsVisible = 0;
			defaultConfigurationName = Release;
		};
/* End XCConfigurationList section */
	};
	rootObject = 7565BCBD1E72A4FA00133733 /* Project object */;
}
